
Microsoft Visual Studio Solution File, Format Version 12.00
# Visual Studio 15
VisualStudioVersion = 15.0.27130.2010
MinimumVisualStudioVersion = 10.0.40219.1
Project("{8BC9CEB8-8B4A-11D0-8D11-00A0C91BC942}") = "NetworkGameServerExample", "NetworkGameServerExample\NetworkGameServerExample.vcxproj", "{0525DDA9-9D71-495B-A90A-AABED20ADF23}"
	ProjectSection(ProjectDependencies) = postProject
		{6F42BCAC-2B8A-4FEF-BB31-5FF4D81BDDA9} = {6F42BCAC-2B8A-4FEF-BB31-5FF4D81BDDA9}
	EndProjectSection
EndProject
Project("{8BC9CEB8-8B4A-11D0-8D11-00A0C91BC942}") = "Library", "Library\Library.vcxproj", "{6F42BCAC-2B8A-4FEF-BB31-5FF4D81BDDA9}"
EndProject
Global
	GlobalSection(SolutionConfigurationPlatforms) = preSolution
		Debug|x64 = Debug|x64
		Debug|x86 = Debug|x86
		Release|x64 = Release|x64
		Release|x86 = Release|x86
	EndGlobalSection
	GlobalSection(ProjectConfigurationPlatforms) = postSolution
		{0525DDA9-9D71-495B-A90A-AABED20ADF23}.Debug|x64.ActiveCfg = Debug|x64
		{0525DDA9-9D71-495B-A90A-AABED20ADF23}.Debug|x64.Build.0 = Debug|x64
		{0525DDA9-9D71-495B-A90A-AABED20ADF23}.Debug|x86.ActiveCfg = Debug|Win32
		{0525DDA9-9D71-495B-A90A-AABED20ADF23}.Debug|x86.Build.0 = Debug|Win32
		{0525DDA9-9D71-495B-A90A-AABED20ADF23}.Release|x64.ActiveCfg = Release|x64
		{0525DDA9-9D71-495B-A90A-AABED20ADF23}.Release|x64.Build.0 = Release|x64
		{0525DDA9-9D71-495B-A90A-AABED20ADF23}.Release|x86.ActiveCfg = Release|Win32
		{0525DDA9-9D71-495B-A90A-AABED20ADF23}.Release|x86.Build.0 = Release|Win32
		{6F42BCAC-2B8A-4FEF-BB31-5FF4D81BDDA9}.Debug|x64.ActiveCfg = Debug|x64
		{6F42BCAC-2B8A-4FEF-BB31-5FF4D81BDDA9}.Debug|x64.Build.0 = Debug|x64
		{6F42BCAC-2B8A-4FEF-BB31-5FF4D81BDDA9}.Debug|x86.ActiveCfg = Debug|Win32
		{6F42BCAC-2B8A-4FEF-BB31-5FF4D81BDDA9}.Debug|x86.Build.0 = Debug|Win32
		{6F42BCAC-2B8A-4FEF-BB31-5FF4D81BDDA9}.Release|x64.ActiveCfg = Release|x64
		{6F42BCAC-2B8A-4FEF-BB31-5FF4D81BDDA9}.Release|x64.Build.0 = Release|x64
		{6F42BCAC-2B8A-4FEF-BB31-5FF4D81BDDA9}.Release|x86.ActiveCfg = Release|Win32
		{6F42BCAC-2B8A-4FEF-BB31-5FF4D81BDDA9}.Release|x86.Build.0 = Release|Win32
	EndGlobalSection
	GlobalSection(SolutionProperties) = preSolution
		HideSolutionNode = FALSE
	EndGlobalSection
	GlobalSection(ExtensibilityGlobals) = postSolution
		SolutionGuid = {74DC03D2-A17D-468D-AC5F-D52E6A74D5A8}
	EndGlobalSection
EndGlobal
